
Microsoft Visual Studio Solution File, Format Version 12.00
# Visual Studio 15
VisualStudioVersion = 15.0.28307.1622
MinimumVisualStudioVersion = 10.0.40219.1
Project("{FAE04EC0-301F-11D3-BF4B-00C04F79EFBC}") = "threaddemo", "threaddemo\threaddemo.csproj", "{69022C5B-6649-4229-A252-C3F439E55E30}"
EndProject
Global
	GlobalSection(SolutionConfigurationPlatforms) = preSolution
		Debug|Any CPU = Debug|Any CPU
		Release|Any CPU = Release|Any CPU
	EndGlobalSection
	GlobalSection(ProjectConfigurationPlatforms) = postSolution
		{69022C5B-6649-4229-A252-C3F439E55E30}.Debug|Any CPU.ActiveCfg = Debug|Any CPU
		{69022C5B-6649-4229-A252-C3F439E55E30}.Debug|Any CPU.Build.0 = Debug|Any CPU
		{69022C5B-6649-4229-A252-C3F439E55E30}.Release|Any CPU.ActiveCfg = Release|Any CPU
		{69022C5B-6649-4229-A252-C3F439E55E30}.Release|Any CPU.Build.0 = Release|Any CPU
	EndGlobalSection
	GlobalSection(SolutionProperties) = preSolution
		HideSolutionNode = FALSE
	EndGlobalSection
	GlobalSection(ExtensibilityGlobals) = postSolution
		SolutionGuid = {E14E4E0A-947C-4FBD-B5AC-A9C226FF3DED}
	EndGlobalSection
EndGlobal
